
Microsoft Visual Studio Solution File, Format Version 12.00
# Visual Studio 15
VisualStudioVersion = 15.0.26228.9
MinimumVisualStudioVersion = 10.0.40219.1
Project("{FAE04EC0-301F-11D3-BF4B-00C04F79EFBC}") = "MSF.LogisticsPlatform.API", "MSF.LogisticsPlatform\MSF.LogisticsPlatform.API.csproj", "{9377D0A8-E828-4008-AC5F-8D3FCCC7BBBA}"
EndProject
Project("{FAE04EC0-301F-11D3-BF4B-00C04F79EFBC}") = "MSF.LogisticsPlatform.Domain", "MSF.LogisticsPlatform.Domain\MSF.LogisticsPlatform.Domain.csproj", "{34705BD3-5C03-4702-829A-AAD731B2D191}"
EndProject
Global
	GlobalSection(SolutionConfigurationPlatforms) = preSolution
		Debug|Any CPU = Debug|Any CPU
		Release|Any CPU = Release|Any CPU
	EndGlobalSection
	GlobalSection(ProjectConfigurationPlatforms) = postSolution
		{9377D0A8-E828-4008-AC5F-8D3FCCC7BBBA}.Debug|Any CPU.ActiveCfg = Debug|Any CPU
		{9377D0A8-E828-4008-AC5F-8D3FCCC7BBBA}.Debug|Any CPU.Build.0 = Debug|Any CPU
		{9377D0A8-E828-4008-AC5F-8D3FCCC7BBBA}.Release|Any CPU.ActiveCfg = Release|Any CPU
		{9377D0A8-E828-4008-AC5F-8D3FCCC7BBBA}.Release|Any CPU.Build.0 = Release|Any CPU
		{34705BD3-5C03-4702-829A-AAD731B2D191}.Debug|Any CPU.ActiveCfg = Debug|Any CPU
		{34705BD3-5C03-4702-829A-AAD731B2D191}.Debug|Any CPU.Build.0 = Debug|Any CPU
		{34705BD3-5C03-4702-829A-AAD731B2D191}.Release|Any CPU.ActiveCfg = Release|Any CPU
		{34705BD3-5C03-4702-829A-AAD731B2D191}.Release|Any CPU.Build.0 = Release|Any CPU
	EndGlobalSection
	GlobalSection(SolutionProperties) = preSolution
		HideSolutionNode = FALSE
	EndGlobalSection
EndGlobal
